
Microsoft Visual Studio Solution File, Format Version 12.00
# Visual Studio Version 16
VisualStudioVersion = 16.0.31410.357
MinimumVisualStudioVersion = 10.0.40219.1
Project("{9A19103F-16F7-4668-BE54-9A1E7A4F7556}") = "PMB.WebApi", "src\PMB.WebApi\PMB.WebApi.csproj", "{9E22DB01-6A12-47A1-A2AB-4CB9403D4655}"
EndProject
Project("{FAE04EC0-301F-11D3-BF4B-00C04F79EFBC}") = "PMB.Utilities", "libs\PMB.Utilities\PMB.Utilities.csproj", "{F945CBB8-DD55-4081-8A0D-D0A7DDF90110}"
EndProject
Project("{2150E333-8FDC-42A3-9474-1A3956D46DE8}") = "src", "src", "{10D83D3D-9805-410E-95B5-1621AF889BB8}"
EndProject
Project("{2150E333-8FDC-42A3-9474-1A3956D46DE8}") = "tests", "tests", "{91F58360-8B5E-41E3-A013-346E9157B385}"
EndProject
Project("{2150E333-8FDC-42A3-9474-1A3956D46DE8}") = "libs", "libs", "{00B65422-7796-4B88-8667-1F6F8F0C9DB7}"
EndProject
Project("{FAE04EC0-301F-11D3-BF4B-00C04F79EFBC}") = "PMB.Migrations", "src\PMB.Migrations\PMB.Migrations.csproj", "{A919BF5E-2CBE-45EE-ACB7-FDCECFBE62C9}"
EndProject
Project("{FAE04EC0-301F-11D3-BF4B-00C04F79EFBC}") = "PMB.Dal", "src\PMB.Dal\PMB.Dal.csproj", "{0862F983-34A2-4DD6-B9FB-A2C91A46DDA8}"
EndProject
Project("{FAE04EC0-301F-11D3-BF4B-00C04F79EFBC}") = "PMB.Tests", "tests\PMB.Tests\PMB.Tests.csproj", "{F9C3F11B-2D8D-4CF8-9626-4BF5B3DC184D}"
EndProject
Project("{FAE04EC0-301F-11D3-BF4B-00C04F79EFBC}") = "PMB.Dal.Bll", "src\PMB.Dal.Bll\PMB.Dal.Bll.csproj", "{72D2911D-B0D6-4594-BC31-88D90D83F957}"
EndProject
Project("{FAE04EC0-301F-11D3-BF4B-00C04F79EFBC}") = "PMB.Models", "libs\PMB.Models\PMB.Models.csproj", "{FF832D82-E13F-4E0D-B6B4-6DA780DDB857}"
EndProject
Project("{FAE04EC0-301F-11D3-BF4B-00C04F79EFBC}") = "PMB.Client", "libs\PMB.Client\PMB.Client.csproj", "{F5AE93F1-BFAA-4A83-B308-AA907BB6862F}"
EndProject
Project("{FAE04EC0-301F-11D3-BF4B-00C04F79EFBC}") = "PMB.Integration.Currencies", "src\PMB.Integration.Currencies\PMB.Integration.Currencies.csproj", "{8893B770-43DD-41E6-AE3F-092D4A756F9C}"
EndProject
Project("{2150E333-8FDC-42A3-9474-1A3956D46DE8}") = "integration", "integration", "{07935014-C5AD-4F82-AB0F-CB28B04C7640}"
EndProject
Project("{FAE04EC0-301F-11D3-BF4B-00C04F79EFBC}") = "PMB.Integration.AllBestBets", "src\PMB.Integration.AllBestBets\PMB.Integration.AllBestBets.csproj", "{FAFA05D4-7C70-4A12-938A-A2EBD3A9F25A}"
EndProject
Project("{FAE04EC0-301F-11D3-BF4B-00C04F79EFBC}") = "PMB.Jobs", "src\PMB.Jobs\PMB.Jobs.csproj", "{217B2699-941D-4856-9DB6-D2FB5E4B2FD4}"
EndProject
Project("{2150E333-8FDC-42A3-9474-1A3956D46DE8}") = "admin", "admin", "{3C0ACB90-83FE-42BE-B225-FDD70B00DB9C}"
EndProject
Project("{2150E333-8FDC-42A3-9474-1A3956D46DE8}") = "dal", "dal", "{0CD38A5C-03EA-446A-8FEF-CA046AD70E99}"
EndProject
Project("{2150E333-8FDC-42A3-9474-1A3956D46DE8}") = "service", "service", "{BBFAB1E1-0E87-4FFF-A453-24934FB3BDCC}"
EndProject
Project("{FAE04EC0-301F-11D3-BF4B-00C04F79EFBC}") = "PMB.Abb.Client", "libs\PMB.Abb.Client\PMB.Abb.Client.csproj", "{4EAD6EEB-9706-4F67-9509-B54C06481BF5}"
EndProject
Project("{2150E333-8FDC-42A3-9474-1A3956D46DE8}") = "ci", "ci", "{03E1CC86-AACB-41B2-AD7F-871FE71D504D}"
ProjectSection(SolutionItems) = preProject
	bitbucket-pipelines.yml = bitbucket-pipelines.yml
	docker-compose.yaml = docker-compose.yaml
	Dockerfile = Dockerfile
EndProjectSection
EndProject
Project("{FAE04EC0-301F-11D3-BF4B-00C04F79EFBC}") = "PMB.Abb.Models", "libs\PMB.Abb.Models\PMB.Abb.Models.csproj", "{C1A07A5F-F8AD-4A43-829C-B041D80ED154}"
EndProject
Project("{FAE04EC0-301F-11D3-BF4B-00C04F79EFBC}") = "PMB.Admin.Application", "src\PMB.Admin.Application\PMB.Admin.Application.csproj", "{E5490227-8CB1-4D50-B519-BA8E0C57F072}"
EndProject
Project("{FAE04EC0-301F-11D3-BF4B-00C04F79EFBC}") = "PMB.Admin.Domain", "src\PMB.Admin.Domain\PMB.Admin.Domain.csproj", "{20A7E179-553C-4296-A3D9-5ACEF5291661}"
EndProject
Project("{FAE04EC0-301F-11D3-BF4B-00C04F79EFBC}") = "PMB.Integration.PositiveBet", "src\PMB.Integration.PositiveBet\PMB.Integration.PositiveBet.csproj", "{F180EDCE-A1B1-42FA-A0D0-446172090CE5}"
EndProject
Global
	GlobalSection(SolutionConfigurationPlatforms) = preSolution
		Debug|Any CPU = Debug|Any CPU
		Debug|x86 = Debug|x86
		Release|Any CPU = Release|Any CPU
		Release|x86 = Release|x86
	EndGlobalSection
	GlobalSection(ProjectConfigurationPlatforms) = postSolution
		{9E22DB01-6A12-47A1-A2AB-4CB9403D4655}.Debug|x86.ActiveCfg = Debug|x86
		{9E22DB01-6A12-47A1-A2AB-4CB9403D4655}.Debug|x86.Build.0 = Debug|x86
		{9E22DB01-6A12-47A1-A2AB-4CB9403D4655}.Release|Any CPU.ActiveCfg = Release|Any CPU
		{9E22DB01-6A12-47A1-A2AB-4CB9403D4655}.Release|Any CPU.Build.0 = Release|Any CPU
		{9E22DB01-6A12-47A1-A2AB-4CB9403D4655}.Release|x86.ActiveCfg = Release|x86
		{9E22DB01-6A12-47A1-A2AB-4CB9403D4655}.Release|x86.Build.0 = Release|x86
		{9E22DB01-6A12-47A1-A2AB-4CB9403D4655}.Debug|Any CPU.ActiveCfg = Development|Any CPU
		{9E22DB01-6A12-47A1-A2AB-4CB9403D4655}.Debug|Any CPU.Build.0 = Development|Any CPU
		{F945CBB8-DD55-4081-8A0D-D0A7DDF90110}.Debug|x86.ActiveCfg = Debug|Any CPU
		{F945CBB8-DD55-4081-8A0D-D0A7DDF90110}.Debug|x86.Build.0 = Debug|Any CPU
		{F945CBB8-DD55-4081-8A0D-D0A7DDF90110}.Release|Any CPU.ActiveCfg = Release|Any CPU
		{F945CBB8-DD55-4081-8A0D-D0A7DDF90110}.Release|Any CPU.Build.0 = Release|Any CPU
		{F945CBB8-DD55-4081-8A0D-D0A7DDF90110}.Release|x86.ActiveCfg = Release|Any CPU
		{F945CBB8-DD55-4081-8A0D-D0A7DDF90110}.Release|x86.Build.0 = Release|Any CPU
		{F945CBB8-DD55-4081-8A0D-D0A7DDF90110}.Debug|Any CPU.ActiveCfg = Development|Any CPU
		{F945CBB8-DD55-4081-8A0D-D0A7DDF90110}.Debug|Any CPU.Build.0 = Development|Any CPU
		{A919BF5E-2CBE-45EE-ACB7-FDCECFBE62C9}.Debug|x86.ActiveCfg = Debug|Any CPU
		{A919BF5E-2CBE-45EE-ACB7-FDCECFBE62C9}.Debug|x86.Build.0 = Debug|Any CPU
		{A919BF5E-2CBE-45EE-ACB7-FDCECFBE62C9}.Release|Any CPU.ActiveCfg = Release|Any CPU
		{A919BF5E-2CBE-45EE-ACB7-FDCECFBE62C9}.Release|Any CPU.Build.0 = Release|Any CPU
		{A919BF5E-2CBE-45EE-ACB7-FDCECFBE62C9}.Release|x86.ActiveCfg = Release|Any CPU
		{A919BF5E-2CBE-45EE-ACB7-FDCECFBE62C9}.Release|x86.Build.0 = Release|Any CPU
		{A919BF5E-2CBE-45EE-ACB7-FDCECFBE62C9}.Debug|Any CPU.ActiveCfg = Development|Any CPU
		{A919BF5E-2CBE-45EE-ACB7-FDCECFBE62C9}.Debug|Any CPU.Build.0 = Development|Any CPU
		{0862F983-34A2-4DD6-B9FB-A2C91A46DDA8}.Debug|x86.ActiveCfg = Debug|Any CPU
		{0862F983-34A2-4DD6-B9FB-A2C91A46DDA8}.Debug|x86.Build.0 = Debug|Any CPU
		{0862F983-34A2-4DD6-B9FB-A2C91A46DDA8}.Release|Any CPU.ActiveCfg = Release|Any CPU
		{0862F983-34A2-4DD6-B9FB-A2C91A46DDA8}.Release|Any CPU.Build.0 = Release|Any CPU
		{0862F983-34A2-4DD6-B9FB-A2C91A46DDA8}.Release|x86.ActiveCfg = Release|Any CPU
		{0862F983-34A2-4DD6-B9FB-A2C91A46DDA8}.Release|x86.Build.0 = Release|Any CPU
		{0862F983-34A2-4DD6-B9FB-A2C91A46DDA8}.Debug|Any CPU.ActiveCfg = Development|Any CPU
		{0862F983-34A2-4DD6-B9FB-A2C91A46DDA8}.Debug|Any CPU.Build.0 = Development|Any CPU
		{F9C3F11B-2D8D-4CF8-9626-4BF5B3DC184D}.Debug|x86.ActiveCfg = Debug|Any CPU
		{F9C3F11B-2D8D-4CF8-9626-4BF5B3DC184D}.Debug|x86.Build.0 = Debug|Any CPU
		{F9C3F11B-2D8D-4CF8-9626-4BF5B3DC184D}.Release|Any CPU.ActiveCfg = Release|Any CPU
		{F9C3F11B-2D8D-4CF8-9626-4BF5B3DC184D}.Release|Any CPU.Build.0 = Release|Any CPU
		{F9C3F11B-2D8D-4CF8-9626-4BF5B3DC184D}.Release|x86.ActiveCfg = Release|Any CPU
		{F9C3F11B-2D8D-4CF8-9626-4BF5B3DC184D}.Release|x86.Build.0 = Release|Any CPU
		{F9C3F11B-2D8D-4CF8-9626-4BF5B3DC184D}.Debug|Any CPU.ActiveCfg = Development|Any CPU
		{F9C3F11B-2D8D-4CF8-9626-4BF5B3DC184D}.Debug|Any CPU.Build.0 = Development|Any CPU
		{72D2911D-B0D6-4594-BC31-88D90D83F957}.Debug|x86.ActiveCfg = Debug|Any CPU
		{72D2911D-B0D6-4594-BC31-88D90D83F957}.Debug|x86.Build.0 = Debug|Any CPU
		{72D2911D-B0D6-4594-BC31-88D90D83F957}.Release|Any CPU.ActiveCfg = Release|Any CPU
		{72D2911D-B0D6-4594-BC31-88D90D83F957}.Release|Any CPU.Build.0 = Release|Any CPU
		{72D2911D-B0D6-4594-BC31-88D90D83F957}.Release|x86.ActiveCfg = Release|Any CPU
		{72D2911D-B0D6-4594-BC31-88D90D83F957}.Release|x86.Build.0 = Release|Any CPU
		{72D2911D-B0D6-4594-BC31-88D90D83F957}.Debug|Any CPU.ActiveCfg = Development|Any CPU
		{72D2911D-B0D6-4594-BC31-88D90D83F957}.Debug|Any CPU.Build.0 = Development|Any CPU
		{FF832D82-E13F-4E0D-B6B4-6DA780DDB857}.Debug|x86.ActiveCfg = Debug|Any CPU
		{FF832D82-E13F-4E0D-B6B4-6DA780DDB857}.Debug|x86.Build.0 = Debug|Any CPU
		{FF832D82-E13F-4E0D-B6B4-6DA780DDB857}.Release|Any CPU.ActiveCfg = Release|Any CPU
		{FF832D82-E13F-4E0D-B6B4-6DA780DDB857}.Release|Any CPU.Build.0 = Release|Any CPU
		{FF832D82-E13F-4E0D-B6B4-6DA780DDB857}.Release|x86.ActiveCfg = Release|Any CPU
		{FF832D82-E13F-4E0D-B6B4-6DA780DDB857}.Release|x86.Build.0 = Release|Any CPU
		{FF832D82-E13F-4E0D-B6B4-6DA780DDB857}.Debug|Any CPU.ActiveCfg = Development|Any CPU
		{FF832D82-E13F-4E0D-B6B4-6DA780DDB857}.Debug|Any CPU.Build.0 = Development|Any CPU
		{F5AE93F1-BFAA-4A83-B308-AA907BB6862F}.Debug|x86.ActiveCfg = Debug|Any CPU
		{F5AE93F1-BFAA-4A83-B308-AA907BB6862F}.Debug|x86.Build.0 = Debug|Any CPU
		{F5AE93F1-BFAA-4A83-B308-AA907BB6862F}.Release|Any CPU.ActiveCfg = Release|Any CPU
		{F5AE93F1-BFAA-4A83-B308-AA907BB6862F}.Release|Any CPU.Build.0 = Release|Any CPU
		{F5AE93F1-BFAA-4A83-B308-AA907BB6862F}.Release|x86.ActiveCfg = Release|Any CPU
		{F5AE93F1-BFAA-4A83-B308-AA907BB6862F}.Release|x86.Build.0 = Release|Any CPU
		{F5AE93F1-BFAA-4A83-B308-AA907BB6862F}.Debug|Any CPU.ActiveCfg = Development|Any CPU
		{F5AE93F1-BFAA-4A83-B308-AA907BB6862F}.Debug|Any CPU.Build.0 = Development|Any CPU
		{8893B770-43DD-41E6-AE3F-092D4A756F9C}.Debug|x86.ActiveCfg = Debug|Any CPU
		{8893B770-43DD-41E6-AE3F-092D4A756F9C}.Debug|x86.Build.0 = Debug|Any CPU
		{8893B770-43DD-41E6-AE3F-092D4A756F9C}.Release|Any CPU.ActiveCfg = Release|Any CPU
		{8893B770-43DD-41E6-AE3F-092D4A756F9C}.Release|Any CPU.Build.0 = Release|Any CPU
		{8893B770-43DD-41E6-AE3F-092D4A756F9C}.Release|x86.ActiveCfg = Release|Any CPU
		{8893B770-43DD-41E6-AE3F-092D4A756F9C}.Release|x86.Build.0 = Release|Any CPU
		{8893B770-43DD-41E6-AE3F-092D4A756F9C}.Debug|Any CPU.ActiveCfg = Development|Any CPU
		{8893B770-43DD-41E6-AE3F-092D4A756F9C}.Debug|Any CPU.Build.0 = Development|Any CPU
		{FAFA05D4-7C70-4A12-938A-A2EBD3A9F25A}.Debug|x86.ActiveCfg = Debug|Any CPU
		{FAFA05D4-7C70-4A12-938A-A2EBD3A9F25A}.Debug|x86.Build.0 = Debug|Any CPU
		{FAFA05D4-7C70-4A12-938A-A2EBD3A9F25A}.Release|Any CPU.ActiveCfg = Release|Any CPU
		{FAFA05D4-7C70-4A12-938A-A2EBD3A9F25A}.Release|Any CPU.Build.0 = Release|Any CPU
		{FAFA05D4-7C70-4A12-938A-A2EBD3A9F25A}.Release|x86.ActiveCfg = Release|Any CPU
		{FAFA05D4-7C70-4A12-938A-A2EBD3A9F25A}.Release|x86.Build.0 = Release|Any CPU
		{FAFA05D4-7C70-4A12-938A-A2EBD3A9F25A}.Debug|Any CPU.ActiveCfg = Development|Any CPU
		{FAFA05D4-7C70-4A12-938A-A2EBD3A9F25A}.Debug|Any CPU.Build.0 = Development|Any CPU
		{217B2699-941D-4856-9DB6-D2FB5E4B2FD4}.Debug|x86.ActiveCfg = Debug|Any CPU
		{217B2699-941D-4856-9DB6-D2FB5E4B2FD4}.Debug|x86.Build.0 = Debug|Any CPU
		{217B2699-941D-4856-9DB6-D2FB5E4B2FD4}.Release|Any CPU.ActiveCfg = Release|Any CPU
		{217B2699-941D-4856-9DB6-D2FB5E4B2FD4}.Release|Any CPU.Build.0 = Release|Any CPU
		{217B2699-941D-4856-9DB6-D2FB5E4B2FD4}.Release|x86.ActiveCfg = Release|Any CPU
		{217B2699-941D-4856-9DB6-D2FB5E4B2FD4}.Release|x86.Build.0 = Release|Any CPU
		{217B2699-941D-4856-9DB6-D2FB5E4B2FD4}.Debug|Any CPU.ActiveCfg = Development|Any CPU
		{217B2699-941D-4856-9DB6-D2FB5E4B2FD4}.Debug|Any CPU.Build.0 = Development|Any CPU
		{4EAD6EEB-9706-4F67-9509-B54C06481BF5}.Debug|x86.ActiveCfg = Debug|Any CPU
		{4EAD6EEB-9706-4F67-9509-B54C06481BF5}.Debug|x86.Build.0 = Debug|Any CPU
		{4EAD6EEB-9706-4F67-9509-B54C06481BF5}.Release|Any CPU.ActiveCfg = Release|Any CPU
		{4EAD6EEB-9706-4F67-9509-B54C06481BF5}.Release|Any CPU.Build.0 = Release|Any CPU
		{4EAD6EEB-9706-4F67-9509-B54C06481BF5}.Release|x86.ActiveCfg = Release|Any CPU
		{4EAD6EEB-9706-4F67-9509-B54C06481BF5}.Release|x86.Build.0 = Release|Any CPU
		{4EAD6EEB-9706-4F67-9509-B54C06481BF5}.Debug|Any CPU.ActiveCfg = Development|Any CPU
		{4EAD6EEB-9706-4F67-9509-B54C06481BF5}.Debug|Any CPU.Build.0 = Development|Any CPU
		{C1A07A5F-F8AD-4A43-829C-B041D80ED154}.Debug|x86.ActiveCfg = Debug|Any CPU
		{C1A07A5F-F8AD-4A43-829C-B041D80ED154}.Debug|x86.Build.0 = Debug|Any CPU
		{C1A07A5F-F8AD-4A43-829C-B041D80ED154}.Release|Any CPU.ActiveCfg = Release|Any CPU
		{C1A07A5F-F8AD-4A43-829C-B041D80ED154}.Release|Any CPU.Build.0 = Release|Any CPU
		{C1A07A5F-F8AD-4A43-829C-B041D80ED154}.Release|x86.ActiveCfg = Release|Any CPU
		{C1A07A5F-F8AD-4A43-829C-B041D80ED154}.Release|x86.Build.0 = Release|Any CPU
		{C1A07A5F-F8AD-4A43-829C-B041D80ED154}.Debug|Any CPU.ActiveCfg = Development|Any CPU
		{C1A07A5F-F8AD-4A43-829C-B041D80ED154}.Debug|Any CPU.Build.0 = Development|Any CPU
		{E5490227-8CB1-4D50-B519-BA8E0C57F072}.Debug|x86.ActiveCfg = Debug|Any CPU
		{E5490227-8CB1-4D50-B519-BA8E0C57F072}.Debug|x86.Build.0 = Debug|Any CPU
		{E5490227-8CB1-4D50-B519-BA8E0C57F072}.Release|Any CPU.ActiveCfg = Release|Any CPU
		{E5490227-8CB1-4D50-B519-BA8E0C57F072}.Release|Any CPU.Build.0 = Release|Any CPU
		{E5490227-8CB1-4D50-B519-BA8E0C57F072}.Release|x86.ActiveCfg = Release|Any CPU
		{E5490227-8CB1-4D50-B519-BA8E0C57F072}.Release|x86.Build.0 = Release|Any CPU
		{E5490227-8CB1-4D50-B519-BA8E0C57F072}.Debug|Any CPU.ActiveCfg = Development|Any CPU
		{E5490227-8CB1-4D50-B519-BA8E0C57F072}.Debug|Any CPU.Build.0 = Development|Any CPU
		{20A7E179-553C-4296-A3D9-5ACEF5291661}.Debug|x86.ActiveCfg = Debug|Any CPU
		{20A7E179-553C-4296-A3D9-5ACEF5291661}.Debug|x86.Build.0 = Debug|Any CPU
		{20A7E179-553C-4296-A3D9-5ACEF5291661}.Release|Any CPU.ActiveCfg = Release|Any CPU
		{20A7E179-553C-4296-A3D9-5ACEF5291661}.Release|Any CPU.Build.0 = Release|Any CPU
		{20A7E179-553C-4296-A3D9-5ACEF5291661}.Release|x86.ActiveCfg = Release|Any CPU
		{20A7E179-553C-4296-A3D9-5ACEF5291661}.Release|x86.Build.0 = Release|Any CPU
		{20A7E179-553C-4296-A3D9-5ACEF5291661}.Debug|Any CPU.ActiveCfg = Development|Any CPU
		{20A7E179-553C-4296-A3D9-5ACEF5291661}.Debug|Any CPU.Build.0 = Development|Any CPU
		{F180EDCE-A1B1-42FA-A0D0-446172090CE5}.Debug|x86.ActiveCfg = Debug|Any CPU
		{F180EDCE-A1B1-42FA-A0D0-446172090CE5}.Debug|x86.Build.0 = Debug|Any CPU
		{F180EDCE-A1B1-42FA-A0D0-446172090CE5}.Release|Any CPU.ActiveCfg = Release|Any CPU
		{F180EDCE-A1B1-42FA-A0D0-446172090CE5}.Release|Any CPU.Build.0 = Release|Any CPU
		{F180EDCE-A1B1-42FA-A0D0-446172090CE5}.Release|x86.ActiveCfg = Release|Any CPU
		{F180EDCE-A1B1-42FA-A0D0-446172090CE5}.Release|x86.Build.0 = Release|Any CPU
		{F180EDCE-A1B1-42FA-A0D0-446172090CE5}.Debug|Any CPU.ActiveCfg = Development|Any CPU
		{F180EDCE-A1B1-42FA-A0D0-446172090CE5}.Debug|Any CPU.Build.0 = Development|Any CPU
	EndGlobalSection
	GlobalSection(SolutionProperties) = preSolution
		HideSolutionNode = FALSE
	EndGlobalSection
	GlobalSection(ExtensibilityGlobals) = postSolution
		SolutionGuid = {3984CF5C-D280-4E4B-9DA2-5F7E077C31F1}
	EndGlobalSection
	GlobalSection(NestedProjects) = preSolution
		{9E22DB01-6A12-47A1-A2AB-4CB9403D4655} = {10D83D3D-9805-410E-95B5-1621AF889BB8}
		{F945CBB8-DD55-4081-8A0D-D0A7DDF90110} = {00B65422-7796-4B88-8667-1F6F8F0C9DB7}
		{F9C3F11B-2D8D-4CF8-9626-4BF5B3DC184D} = {91F58360-8B5E-41E3-A013-346E9157B385}
		{FF832D82-E13F-4E0D-B6B4-6DA780DDB857} = {00B65422-7796-4B88-8667-1F6F8F0C9DB7}
		{F5AE93F1-BFAA-4A83-B308-AA907BB6862F} = {00B65422-7796-4B88-8667-1F6F8F0C9DB7}
		{07935014-C5AD-4F82-AB0F-CB28B04C7640} = {10D83D3D-9805-410E-95B5-1621AF889BB8}
		{8893B770-43DD-41E6-AE3F-092D4A756F9C} = {07935014-C5AD-4F82-AB0F-CB28B04C7640}
		{FAFA05D4-7C70-4A12-938A-A2EBD3A9F25A} = {07935014-C5AD-4F82-AB0F-CB28B04C7640}
		{3C0ACB90-83FE-42BE-B225-FDD70B00DB9C} = {10D83D3D-9805-410E-95B5-1621AF889BB8}
		{0CD38A5C-03EA-446A-8FEF-CA046AD70E99} = {10D83D3D-9805-410E-95B5-1621AF889BB8}
		{0862F983-34A2-4DD6-B9FB-A2C91A46DDA8} = {0CD38A5C-03EA-446A-8FEF-CA046AD70E99}
		{72D2911D-B0D6-4594-BC31-88D90D83F957} = {0CD38A5C-03EA-446A-8FEF-CA046AD70E99}
		{BBFAB1E1-0E87-4FFF-A453-24934FB3BDCC} = {10D83D3D-9805-410E-95B5-1621AF889BB8}
		{217B2699-941D-4856-9DB6-D2FB5E4B2FD4} = {BBFAB1E1-0E87-4FFF-A453-24934FB3BDCC}
		{A919BF5E-2CBE-45EE-ACB7-FDCECFBE62C9} = {BBFAB1E1-0E87-4FFF-A453-24934FB3BDCC}
		{4EAD6EEB-9706-4F67-9509-B54C06481BF5} = {00B65422-7796-4B88-8667-1F6F8F0C9DB7}
		{C1A07A5F-F8AD-4A43-829C-B041D80ED154} = {00B65422-7796-4B88-8667-1F6F8F0C9DB7}
		{E5490227-8CB1-4D50-B519-BA8E0C57F072} = {3C0ACB90-83FE-42BE-B225-FDD70B00DB9C}
		{20A7E179-553C-4296-A3D9-5ACEF5291661} = {00B65422-7796-4B88-8667-1F6F8F0C9DB7}
		{F180EDCE-A1B1-42FA-A0D0-446172090CE5} = {07935014-C5AD-4F82-AB0F-CB28B04C7640}
	EndGlobalSection
EndGlobal
